
Microsoft Visual Studio Solution File, Format Version 12.00
# Visual Studio Version 17
VisualStudioVersion = 17.2.32630.192
MinimumVisualStudioVersion = 10.0.40219.1
Project("{9A19103F-16F7-4668-BE54-9A1E7A4F7556}") = "SkyHell", "SkyHell.csproj", "{EA1BC105-3413-4C86-A586-11775A0C2D9D}"
EndProject
Global
	GlobalSection(SolutionConfigurationPlatforms) = preSolution
		Debug|Any CPU = Debug|Any CPU
		Release|Any CPU = Release|Any CPU
	EndGlobalSection
	GlobalSection(ProjectConfigurationPlatforms) = postSolution
		{EA1BC105-3413-4C86-A586-11775A0C2D9D}.Debug|Any CPU.ActiveCfg = Debug|Any CPU
		{EA1BC105-3413-4C86-A586-11775A0C2D9D}.Debug|Any CPU.Build.0 = Debug|Any CPU
		{EA1BC105-3413-4C86-A586-11775A0C2D9D}.Release|Any CPU.ActiveCfg = Release|Any CPU
		{EA1BC105-3413-4C86-A586-11775A0C2D9D}.Release|Any CPU.Build.0 = Release|Any CPU
	EndGlobalSection
	GlobalSection(SolutionProperties) = preSolution
		HideSolutionNode = FALSE
	EndGlobalSection
	GlobalSection(ExtensibilityGlobals) = postSolution
		SolutionGuid = {6B2DD6B1-8CA2-4328-A678-12FB9B0F6323}
	EndGlobalSection
EndGlobal
